
Microsoft Visual Studio Solution File, Format Version 12.00
# Visual Studio Version 16
VisualStudioVersion = 16.0.33529.622
MinimumVisualStudioVersion = 10.0.40219.1
Project("{FAE04EC0-301F-11D3-BF4B-00C04F79EFBC}") = "yangpeng1.0", "yangpeng1.0.csproj", "{A868B971-8027-4732-9C51-8E8F9D508FF1}"
EndProject
Project("{FAE04EC0-301F-11D3-BF4B-00C04F79EFBC}") = "yangpeng2.0", "..\yangpeng2.0\yangpeng2.0.csproj", "{2B999853-051E-4A6B-8925-58179E1C8DEA}"
EndProject
Global
	GlobalSection(SolutionConfigurationPlatforms) = preSolution
		Debug|Any CPU = Debug|Any CPU
		Release|Any CPU = Release|Any CPU
	EndGlobalSection
	GlobalSection(ProjectConfigurationPlatforms) = postSolution
		{A868B971-8027-4732-9C51-8E8F9D508FF1}.Debug|Any CPU.ActiveCfg = Debug|Any CPU
		{A868B971-8027-4732-9C51-8E8F9D508FF1}.Debug|Any CPU.Build.0 = Debug|Any CPU
		{A868B971-8027-4732-9C51-8E8F9D508FF1}.Release|Any CPU.ActiveCfg = Release|Any CPU
		{A868B971-8027-4732-9C51-8E8F9D508FF1}.Release|Any CPU.Build.0 = Release|Any CPU
		{2B999853-051E-4A6B-8925-58179E1C8DEA}.Debug|Any CPU.ActiveCfg = Debug|Any CPU
		{2B999853-051E-4A6B-8925-58179E1C8DEA}.Debug|Any CPU.Build.0 = Debug|Any CPU
		{2B999853-051E-4A6B-8925-58179E1C8DEA}.Release|Any CPU.ActiveCfg = Release|Any CPU
		{2B999853-051E-4A6B-8925-58179E1C8DEA}.Release|Any CPU.Build.0 = Release|Any CPU
	EndGlobalSection
	GlobalSection(SolutionProperties) = preSolution
		HideSolutionNode = FALSE
	EndGlobalSection
	GlobalSection(ExtensibilityGlobals) = postSolution
		SolutionGuid = {1EA4DFCD-7838-4FCF-9207-387FF9D357DB}
	EndGlobalSection
EndGlobal
